Microsoft Visual Studio Solution File, Format Version 8.00
Project("{8BC9CEB8-8B4A-11D0-8D11-00A0C91BC942}") = "XQilla", "XQilla.vcproj", "{63E85107-41E0-4FC7-8083-40E85861B426}"
	ProjectSection(ProjectDependencies) = postProject
	EndProjectSection
EndProject
Global
	GlobalSection(DPCodeReviewSolutionGUID) = preSolution
		DPCodeReviewSolutionGUID = {00000000-0000-0000-0000-000000000000}
	EndGlobalSection
	GlobalSection(SolutionConfiguration) = preSolution
		Debug = Debug
		Release = Release
	EndGlobalSection
	GlobalSection(ProjectConfiguration) = postSolution
		{63E85107-41E0-4FC7-8083-40E85861B426}.Debug.ActiveCfg = Debug|Win32
		{63E85107-41E0-4FC7-8083-40E85861B426}.Debug.Build.0 = Debug|Win32
		{63E85107-41E0-4FC7-8083-40E85861B426}.Release.ActiveCfg = Release|Win32
		{63E85107-41E0-4FC7-8083-40E85861B426}.Release.Build.0 = Release|Win32
	EndGlobalSection
	GlobalSection(ExtensibilityGlobals) = postSolution
	EndGlobalSection
	GlobalSection(ExtensibilityAddIns) = postSolution
	EndGlobalSection
EndGlobal
